
Microsoft Visual Studio Solution File, Format Version 12.00
# Visual Studio Version 18
VisualStudioVersion = 18.5.11626.173 insiders
MinimumVisualStudioVersion = 15.0.26124.0
Project("{FAE04EC0-301F-11D3-BF4B-00C04F79EFBC}") = "UnityInfra", "UnityInfra\UnityInfra.csproj", "{6AE34944-8426-4D5A-BA6C-60A25BB6D973}"
EndProject
Project("{FAE04EC0-301F-11D3-BF4B-00C04F79EFBC}") = "S3BucketUpload", "..\S3BucketUpload\S3BucketUpload.csproj", "{96D105DC-452B-0EAE-F05A-F46AC774E95A}"
EndProject
Global
	GlobalSection(SolutionConfigurationPlatforms) = preSolution
		Debug|Any CPU = Debug|Any CPU
		Debug|x64 = Debug|x64
		Debug|x86 = Debug|x86
		Release|Any CPU = Release|Any CPU
		Release|x64 = Release|x64
		Release|x86 = Release|x86
	EndGlobalSection
	GlobalSection(ProjectConfigurationPlatforms) = postSolution
		{6AE34944-8426-4D5A-BA6C-60A25BB6D973}.Debug|Any CPU.ActiveCfg = Debug|Any CPU
		{6AE34944-8426-4D5A-BA6C-60A25BB6D973}.Debug|Any CPU.Build.0 = Debug|Any CPU
		{6AE34944-8426-4D5A-BA6C-60A25BB6D973}.Debug|x64.ActiveCfg = Debug|Any CPU
		{6AE34944-8426-4D5A-BA6C-60A25BB6D973}.Debug|x64.Build.0 = Debug|Any CPU
		{6AE34944-8426-4D5A-BA6C-60A25BB6D973}.Debug|x86.ActiveCfg = Debug|Any CPU
		{6AE34944-8426-4D5A-BA6C-60A25BB6D973}.Debug|x86.Build.0 = Debug|Any CPU
		{6AE34944-8426-4D5A-BA6C-60A25BB6D973}.Release|Any CPU.ActiveCfg = Release|Any CPU
		{6AE34944-8426-4D5A-BA6C-60A25BB6D973}.Release|Any CPU.Build.0 = Release|Any CPU
		{6AE34944-8426-4D5A-BA6C-60A25BB6D973}.Release|x64.ActiveCfg = Release|Any CPU
		{6AE34944-8426-4D5A-BA6C-60A25BB6D973}.Release|x64.Build.0 = Release|Any CPU
		{6AE34944-8426-4D5A-BA6C-60A25BB6D973}.Release|x86.ActiveCfg = Release|Any CPU
		{6AE34944-8426-4D5A-BA6C-60A25BB6D973}.Release|x86.Build.0 = Release|Any CPU
		{96D105DC-452B-0EAE-F05A-F46AC774E95A}.Debug|Any CPU.ActiveCfg = Debug|Any CPU
		{96D105DC-452B-0EAE-F05A-F46AC774E95A}.Debug|Any CPU.Build.0 = Debug|Any CPU
		{96D105DC-452B-0EAE-F05A-F46AC774E95A}.Debug|x64.ActiveCfg = Debug|Any CPU
		{96D105DC-452B-0EAE-F05A-F46AC774E95A}.Debug|x64.Build.0 = Debug|Any CPU
		{96D105DC-452B-0EAE-F05A-F46AC774E95A}.Debug|x86.ActiveCfg = Debug|Any CPU
		{96D105DC-452B-0EAE-F05A-F46AC774E95A}.Debug|x86.Build.0 = Debug|Any CPU
		{96D105DC-452B-0EAE-F05A-F46AC774E95A}.Release|Any CPU.ActiveCfg = Release|Any CPU
		{96D105DC-452B-0EAE-F05A-F46AC774E95A}.Release|Any CPU.Build.0 = Release|Any CPU
		{96D105DC-452B-0EAE-F05A-F46AC774E95A}.Release|x64.ActiveCfg = Release|Any CPU
		{96D105DC-452B-0EAE-F05A-F46AC774E95A}.Release|x64.Build.0 = Release|Any CPU
		{96D105DC-452B-0EAE-F05A-F46AC774E95A}.Release|x86.ActiveCfg = Release|Any CPU
		{96D105DC-452B-0EAE-F05A-F46AC774E95A}.Release|x86.Build.0 = Release|Any CPU
	EndGlobalSection
	GlobalSection(SolutionProperties) = preSolution
		HideSolutionNode = FALSE
	EndGlobalSection
	GlobalSection(ExtensibilityGlobals) = postSolution
		SolutionGuid = {B7E85A8B-E7A4-4066-9D12-EF42730B18A0}
	EndGlobalSection
EndGlobal
